Microsoft Visual Studio Solution File, Format Version 12.00
# Visual Studio 2012
Project("{FAE04EC0-301F-11D3-BF4B-00C04F79EFBC}") = "Kings and Pigs", "Kings and Pigs.csproj", "{DA2FDF84-8F5E-4CE8-B8C4-98303BA15A9E}"
EndProject
Global
	GlobalSection(SolutionConfigurationPlatforms) = preSolution
	Debug|Any CPU = Debug|Any CPU
	ExportDebug|Any CPU = ExportDebug|Any CPU
	ExportRelease|Any CPU = ExportRelease|Any CPU
	EndGlobalSection
	GlobalSection(ProjectConfigurationPlatforms) = postSolution
		{DA2FDF84-8F5E-4CE8-B8C4-98303BA15A9E}.Debug|Any CPU.ActiveCfg = Debug|Any CPU
		{DA2FDF84-8F5E-4CE8-B8C4-98303BA15A9E}.Debug|Any CPU.Build.0 = Debug|Any CPU
		{DA2FDF84-8F5E-4CE8-B8C4-98303BA15A9E}.ExportDebug|Any CPU.ActiveCfg = ExportDebug|Any CPU
		{DA2FDF84-8F5E-4CE8-B8C4-98303BA15A9E}.ExportDebug|Any CPU.Build.0 = ExportDebug|Any CPU
		{DA2FDF84-8F5E-4CE8-B8C4-98303BA15A9E}.ExportRelease|Any CPU.ActiveCfg = ExportRelease|Any CPU
		{DA2FDF84-8F5E-4CE8-B8C4-98303BA15A9E}.ExportRelease|Any CPU.Build.0 = ExportRelease|Any CPU
	EndGlobalSection
EndGlobal
